// !$*UTF8*$!
{
	archiveVersion = 1;
	classes = {
	};
	objectVersion = 46;
	objects = {

/* Begin PBXBuildFile section */
		DAC6E72B19F5E586002EBE7C /* AppDelegate.swift in Sources */ = {isa = PBXBuildFile; fileRef = DAC6E72A19F5E586002EBE7C /* AppDelegate.swift */; };
		DAC6E72D19F5E586002EBE7C /* ViewController.swift in Sources */ = {isa = PBXBuildFile; fileRef = DAC6E72C19F5E586002EBE7C /* ViewController.swift */; };
		DAC6E73219F5E586002EBE7C /* Images.xcassets in Resources */ = {isa = PBXBuildFile; fileRef = DAC6E73119F5E586002EBE7C /* Images.xcassets */; };
		DAC6E73519F5E586002EBE7C /* LaunchScreen.xib in Resources */ = {isa = PBXBuildFile; fileRef = DAC6E73319F5E586002EBE7C /* LaunchScreen.xib */; };
		DAC6E74C19F5E679002EBE7C /* OBSlider.swift in Sources */ = {isa = PBXBuildFile; fileRef = DAC6E74B19F5E679002EBE7C /* OBSlider.swift */; };
/* End PBXBuildFile section */

/* Begin PBXFileReference section */
		DAC6E72519F5E586002EBE7C /* OBSliderDemo.app */ = {isa = PBXFileReference; explicitFileType = wrapper.application; includeInIndex = 0; path = OBSliderDemo.app; sourceTree = BUILT_PRODUCTS_DIR; };
		DAC6E72919F5E586002EBE7C /* Info.plist */ = {isa = PBXFileReference; lastKnownFileType = text.plist.xml; path = Info.plist; sourceTree = "<group>"; };
		DAC6E72A19F5E586002EBE7C /* AppDelegate.swift */ = {isa = PBXFileReference; lastKnownFileType = sourcecode.swift; path = AppDelegate.swift; sourceTree = "<group>"; };
		DAC6E72C19F5E586002EBE7C /* ViewController.swift */ = {isa = PBXFileReference; lastKnownFileType = sourcecode.swift; path = ViewController.swift; sourceTree = "<group>"; };
		DAC6E73119F5E586002EBE7C /* Images.xcassets */ = {isa = PBXFileReference; lastKnownFileType = folder.assetcatalog; path = Images.xcassets; sourceTree = "<group>"; };
		DAC6E73419F5E586002EBE7C /* Base */ = {isa = PBXFileReference; lastKnownFileType = file.xib; name = Base; path = Base.lproj/LaunchScreen.xib; sourceTree = "<group>"; };
		DAC6E74B19F5E679002EBE7C /* OBSlider.swift */ = {isa = PBXFileReference; fileEncoding = 4; lastKnownFileType = sourcecode.swift; name = OBSlider.swift; path = ../../OBSlider/OBSlider.swift; sourceTree = "<group>"; };
/* End PBXFileReference section */

/* Begin PBXFrameworksBuildPhase section */
		DAC6E72219F5E586002EBE7C /* Frameworks */ = {
			isa = PBXFrameworksBuildPhase;
			buildActionMask = 2147483647;
			files = (
			);
			runOnlyForDeploymentPostprocessing = 0;
		};
/* End PBXFrameworksBuildPhase section */

/* Begin PBXGroup section */
		DAC6E71C19F5E586002EBE7C = {
			isa = PBXGroup;
			children = (
				DAC6E72719F5E586002EBE7C /* OBSliderDemo */,
				DAC6E72619F5E586002EBE7C /* Products */,
			);
			sourceTree = "<group>";
		};
		DAC6E72619F5E586002EBE7C /* Products */ = {
			isa = PBXGroup;
			children = (
				DAC6E72519F5E586002EBE7C /* OBSliderDemo.app */,
			);
			name = Products;
			sourceTree = "<group>";
		};
		DAC6E72719F5E586002EBE7C /* OBSliderDemo */ = {
			isa = PBXGroup;
			children = (
				DAC6E74B19F5E679002EBE7C /* OBSlider.swift */,
				DAC6E72A19F5E586002EBE7C /* AppDelegate.swift */,
				DAC6E72C19F5E586002EBE7C /* ViewController.swift */,
				DAC6E74A19F5E64B002EBE7C /* Resources */,
				DAC6E72819F5E586002EBE7C /* Supporting Files */,
			);
			path = OBSliderDemo;
			sourceTree = "<group>";
		};
		DAC6E72819F5E586002EBE7C /* Supporting Files */ = {
			isa = PBXGroup;
			children = (
				DAC6E72919F5E586002EBE7C /* Info.plist */,
			);
			name = "Supporting Files";
			sourceTree = "<group>";
		};
		DAC6E74A19F5E64B002EBE7C /* Resources */ = {
			isa = PBXGroup;
			children = (
				DAC6E73119F5E586002EBE7C /* Images.xcassets */,
				DAC6E73319F5E586002EBE7C /* LaunchScreen.xib */,
			);
			name = Resources;
			sourceTree = "<group>";
		};
/* End PBXGroup section */

/* Begin PBXNativeTarget section */
		DAC6E72419F5E586002EBE7C /* OBSliderDemo */ = {
			isa = PBXNativeTarget;
			buildConfigurationList = DAC6E74419F5E586002EBE7C /* Build configuration list for PBXNativeTarget "OBSliderDemo" */;
			buildPhases = (
				DAC6E72119F5E586002EBE7C /* Sources */,
				DAC6E72219F5E586002EBE7C /* Frameworks */,
				DAC6E72319F5E586002EBE7C /* Resources */,
			);
			buildRules = (
			);
			dependencies = (
			);
			name = OBSliderDemo;
			productName = OBSliderDemo;
			productReference = DAC6E72519F5E586002EBE7C /* OBSliderDemo.app */;
			productType = "com.apple.product-type.application";
		};
/* End PBXNativeTarget section */

/* Begin PBXProject section */
		DAC6E71D19F5E586002EBE7C /* Project object */ = {
			isa = PBXProject;
			attributes = {
				LastSwiftMigration = 0710;
				LastSwiftUpdateCheck = 0710;
				LastUpgradeCheck = 0710;
				ORGANIZATIONNAME = "Techno-Magic";
				TargetAttributes = {
					DAC6E72419F5E586002EBE7C = {
						CreatedOnToolsVersion = 6.1;
					};
				};
			};
			buildConfigurationList = DAC6E72019F5E586002EBE7C /* Build configuration list for PBXProject "OBSliderDemo" */;
			compatibilityVersion = "Xcode 3.2";
			developmentRegion = English;
			hasScannedForEncodings = 0;
			knownRegions = (
				en,
				Base,
			);
			mainGroup = DAC6E71C19F5E586002EBE7C;
			productRefGroup = DAC6E72619F5E586002EBE7C /* Products */;
			projectDirPath = "";
			projectRoot = "";
			targets = (
				DAC6E72419F5E586002EBE7C /* OBSliderDemo */,
			);
		};
/* End PBXProject section */

/* Begin PBXResourcesBuildPhase section */
		DAC6E72319F5E586002EBE7C /* Resources */ = {
			isa = PBXResourcesBuildPhase;
			buildActionMask = 2147483647;
			files = (
				DAC6E73519F5E586002EBE7C /* LaunchScreen.xib in Resources */,
				DAC6E73219F5E586002EBE7C /* Images.xcassets in Resources */,
			);
			runOnlyForDeploymentPostprocessing = 0;
		};
/* End PBXResourcesBuildPhase section */

/* Begin PBXSourcesBuildPhase section */
		DAC6E72119F5E586002EBE7C /* Sources */ = {
			isa = PBXSourcesBuildPhase;
			buildActionMask = 2147483647;
			files = (
				DAC6E72D19F5E586002EBE7C /* ViewController.swift in Sources */,
				DAC6E74C19F5E679002EBE7C /* OBSlider.swift in Sources */,
				DAC6E72B19F5E586002EBE7C /* AppDelegate.swift in Sources */,
			);
			runOnlyForDeploymentPostprocessing = 0;
		};
/* End PBXSourcesBuildPhase section */

/* Begin PBXVariantGroup section */
		DAC6E73319F5E586002EBE7C /* LaunchScreen.xib */ = {
			isa = PBXVariantGroup;
			children = (
				DAC6E73419F5E586002EBE7C /* Base */,
			);
			name = LaunchScreen.xib;
			sourceTree = "<group>";
		};
/* End PBXVariantGroup section */

/* Begin XCBuildConfiguration section */
		DAC6E74219F5E586002EBE7C /* Debug */ = {
			isa = XCBuildConfiguration;
			buildSettings = {
				ALWAYS_SEARCH_USER_PATHS = NO;
				CLANG_CXX_LANGUAGE_STANDARD = "gnu++0x";
				CLANG_CXX_LIBRARY = "libc++";
				CLANG_ENABLE_MODULES = YES;
				CLANG_ENABLE_OBJC_ARC = YES;
				CLANG_WARN_BOOL_CONVERSION = YES;
				CLANG_WARN_CONSTANT_CONVERSION = YES;
				CLANG_WARN_DIRECT_OBJC_ISA_USAGE = YES_ERROR;
				CLANG_WARN_EMPTY_BODY = YES;
				CLANG_WARN_ENUM_CONVERSION = YES;
				CLANG_WARN_INT_CONVERSION = YES;
				CLANG_WARN_OBJC_ROOT_CLASS = YES_ERROR;
				CLANG_WARN_UNREACHABLE_CODE = YES;
				CLANG_WARN__DUPLICATE_METHOD_MATCH = YES;
				"CODE_SIGN_IDENTITY[sdk=iphoneos*]" = "iPhone Developer";
				COPY_PHASE_STRIP = NO;
				ENABLE_STRICT_OBJC_MSGSEND = YES;
				ENABLE_TESTABILITY = YES;
				GCC_C_LANGUAGE_STANDARD = gnu99;
				GCC_DYNAMIC_NO_PIC = NO;
				GCC_OPTIMIZATION_LEVEL = 0;
				GCC_PREPROCESSOR_DEFINITIONS = (
					"DEBUG=1",
					"$(inherited)",
				);
				GCC_SYMBOLS_PRIVATE_EXTERN = NO;
				GCC_WARN_64_TO_32_BIT_CONVERSION = YES;
				GCC_WARN_ABOUT_RETURN_TYPE = YES_ERROR;
				GCC_WARN_UNDECLARED_SELECTOR = YES;
				GCC_WARN_UNINITIALIZED_AUTOS = YES_AGGRESSIVE;
				GCC_WARN_UNUSED_FUNCTION = YES;
				GCC_WARN_UNUSED_VARIABLE = YES;
				IPHONEOS_DEPLOYMENT_TARGET = 7.0;
				MTL_ENABLE_DEBUG_INFO = YES;
				ONLY_ACTIVE_ARCH = YES;
				SDKROOT = iphoneos;
				SWIFT_OPTIMIZATION_LEVEL = "-Onone";
			};
			name = Debug;
		};
		DAC6E74319F5E586002EBE7C /* Release */ = {
			isa = XCBuildConfiguration;
			buildSettings = {
				ALWAYS_SEARCH_USER_PATHS = NO;
				CLANG_CXX_LANGUAGE_STANDARD = "gnu++0x";
				CLANG_CXX_LIBRARY = "libc++";
				CLANG_ENABLE_MODULES = YES;
				CLANG_ENABLE_OBJC_ARC = YES;
				CLANG_WARN_BOOL_CONVERSION = YES;
				CLANG_WARN_CONSTANT_CONVERSION = YES;
				CLANG_WARN_DIRECT_OBJC_ISA_USAGE = YES_ERROR;
				CLANG_WARN_EMPTY_BODY = YES;
				CLANG_WARN_ENUM_CONVERSION = YES;
				CLANG_WARN_INT_CONVERSION = YES;
				CLANG_WARN_OBJC_ROOT_CLASS = YES_ERROR;
				CLANG_WARN_UNREACHABLE_CODE = YES;
				CLANG_WARN__DUPLICATE_METHOD_MATCH = YES;
				"CODE_SIGN_IDENTITY[sdk=iphoneos*]" = "iPhone Developer";
				COPY_PHASE_STRIP = YES;
				ENABLE_NS_ASSERTIONS = NO;
				ENABLE_STRICT_OBJC_MSGSEND = YES;
				GCC_C_LANGUAGE_STANDARD = gnu99;
				GCC_WARN_64_TO_32_BIT_CONVERSION = YES;
				GCC_WARN_ABOUT_RETURN_TYPE = YES_ERROR;
				GCC_WARN_UNDECLARED_SELECTOR = YES;
				GCC_WARN_UNINITIALIZED_AUTOS = YES_AGGRESSIVE;
				GCC_WARN_UNUSED_FUNCTION = YES;
				GCC_WARN_UNUSED_VARIABLE = YES;
				IPHONEOS_DEPLOYMENT_TARGET = 7.0;
				MTL_ENABLE_DEBUG_INFO = NO;
				SDKROOT = iphoneos;
				VALIDATE_PRODUCT = YES;
			};
			name = Release;
		};
		DAC6E74519F5E586002EBE7C /* Debug */ = {
			isa = XCBuildConfiguration;
			buildSettings = {
				ASSETCATALOG_COMPILER_APPICON_NAME = AppIcon;
				ASSETCATALOG_COMPILER_LAUNCHIMAGE_NAME = LaunchImage;
				INFOPLIST_FILE = OBSliderDemo/Info.plist;
				LD_RUNPATH_SEARCH_PATHS = "$(inherited) @executable_path/Frameworks";
				PRODUCT_BUNDLE_IDENTIFIER = "com.yourcompany.$(PRODUCT_NAME:rfc1034identifier)";
				PRODUCT_NAME = "$(TARGET_NAME)";
			};
			name = Debug;
		};
		DAC6E74619F5E586002EBE7C /* Release */ = {
			isa = XCBuildConfiguration;
			buildSettings = {
				ASSETCATALOG_COMPILER_APPICON_NAME = AppIcon;
				ASSETCATALOG_COMPILER_LAUNCHIMAGE_NAME = LaunchImage;
				INFOPLIST_FILE = OBSliderDemo/Info.plist;
				LD_RUNPATH_SEARCH_PATHS = "$(inherited) @executable_path/Frameworks";
				PRODUCT_BUNDLE_IDENTIFIER = "com.yourcompany.$(PRODUCT_NAME:rfc1034identifier)";
				PRODUCT_NAME = "$(TARGET_NAME)";
			};
			name = Release;
		};
/* End XCBuildConfiguration section */

/* Begin XCConfigurationList section */
		DAC6E72019F5E586002EBE7C /* Build configuration list for PBXProject "OBSliderDemo" */ = {
			isa = XCConfigurationList;
			buildConfigurations = (
				DAC6E74219F5E586002EBE7C /* Debug */,
				DAC6E74319F5E586002EBE7C /* Release */,
			);
			defaultConfigurationIsVisible = 0;
			defaultConfigurationName = Release;
		};
		DAC6E74419F5E586002EBE7C /* Build configuration list for PBXNativeTarget "OBSliderDemo" */ = {
			isa = XCConfigurationList;
			buildConfigurations = (
				DAC6E74519F5E586002EBE7C /* Debug */,
				DAC6E74619F5E586002EBE7C /* Release */,
			);
			defaultConfigurationIsVisible = 0;
			defaultConfigurationName = Release;
		};
/* End XCConfigurationList section */
	};
	rootObject = DAC6E71D19F5E586002EBE7C /* Project object */;
}
